
Microsoft Visual Studio Solution File, Format Version 12.00
# Visual Studio 15
VisualStudioVersion = 15.0.28307.329
MinimumVisualStudioVersion = 10.0.40219.1
Project("{FAE04EC0-301F-11D3-BF4B-00C04F79EFBC}") = "MobileApplications.Android", "MobileApplications\MobileApplications.Android\MobileApplications.Android.csproj", "{B154C38E-5AE6-45FC-A146-8A70B17F8D40}"
EndProject
Project("{FAE04EC0-301F-11D3-BF4B-00C04F79EFBC}") = "MobileApplications.iOS", "MobileApplications\MobileApplications.iOS\MobileApplications.iOS.csproj", "{C3671714-BF5A-4F7A-ABC0-57ABBB508A37}"
EndProject
Project("{FAE04EC0-301F-11D3-BF4B-00C04F79EFBC}") = "MobileApplications.UWP", "MobileApplications\MobileApplications.UWP\MobileApplications.UWP.csproj", "{2064C9FF-9EDC-4290-8EB4-372B1D1FC21D}"
EndProject
Project("{FAE04EC0-301F-11D3-BF4B-00C04F79EFBC}") = "MobileApplications", "MobileApplications\MobileApplications\MobileApplications.csproj", "{E75E1D10-EAE8-4475-BC95-948462827115}"
EndProject
Global
	GlobalSection(SolutionConfigurationPlatforms) = preSolution
		Ad-Hoc|Any CPU = Ad-Hoc|Any CPU
		Ad-Hoc|ARM = Ad-Hoc|ARM
		Ad-Hoc|iPhone = Ad-Hoc|iPhone
		Ad-Hoc|iPhoneSimulator = Ad-Hoc|iPhoneSimulator
		Ad-Hoc|x64 = Ad-Hoc|x64
		Ad-Hoc|x86 = Ad-Hoc|x86
		AppStore|Any CPU = AppStore|Any CPU
		AppStore|ARM = AppStore|ARM
		AppStore|iPhone = AppStore|iPhone
		AppStore|iPhoneSimulator = AppStore|iPhoneSimulator
		AppStore|x64 = AppStore|x64
		AppStore|x86 = AppStore|x86
		Debug|Any CPU = Debug|Any CPU
		Debug|ARM = Debug|ARM
		Debug|iPhone = Debug|iPhone
		Debug|iPhoneSimulator = Debug|iPhoneSimulator
		Debug|x64 = Debug|x64
		Debug|x86 = Debug|x86
		Release|Any CPU = Release|Any CPU
		Release|ARM = Release|ARM
		Release|iPhone = Release|iPhone
		Release|iPhoneSimulator = Release|iPhoneSimulator
		Release|x64 = Release|x64
		Release|x86 = Release|x86
	EndGlobalSection
	GlobalSection(ProjectConfigurationPlatforms) = postSolution
		{B154C38E-5AE6-45FC-A146-8A70B17F8D40}.Ad-Hoc|Any CPU.ActiveCfg = Release|Any CPU
		{B154C38E-5AE6-45FC-A146-8A70B17F8D40}.Ad-Hoc|Any CPU.Build.0 = Release|Any CPU
		{B154C38E-5AE6-45FC-A146-8A70B17F8D40}.Ad-Hoc|Any CPU.Deploy.0 = Release|Any CPU
		{B154C38E-5AE6-45FC-A146-8A70B17F8D40}.Ad-Hoc|ARM.ActiveCfg = Release|Any CPU
		{B154C38E-5AE6-45FC-A146-8A70B17F8D40}.Ad-Hoc|ARM.Build.0 = Release|Any CPU
		{B154C38E-5AE6-45FC-A146-8A70B17F8D40}.Ad-Hoc|ARM.Deploy.0 = Release|Any CPU
		{B154C38E-5AE6-45FC-A146-8A70B17F8D40}.Ad-Hoc|iPhone.ActiveCfg = Release|Any CPU
		{B154C38E-5AE6-45FC-A146-8A70B17F8D40}.Ad-Hoc|iPhone.Build.0 = Release|Any CPU
		{B154C38E-5AE6-45FC-A146-8A70B17F8D40}.Ad-Hoc|iPhone.Deploy.0 = Release|Any CPU
		{B154C38E-5AE6-45FC-A146-8A70B17F8D40}.Ad-Hoc|iPhoneSimulator.ActiveCfg = Release|Any CPU
		{B154C38E-5AE6-45FC-A146-8A70B17F8D40}.Ad-Hoc|iPhoneSimulator.Build.0 = Release|Any CPU
		{B154C38E-5AE6-45FC-A146-8A70B17F8D40}.Ad-Hoc|iPhoneSimulator.Deploy.0 = Release|Any CPU
		{B154C38E-5AE6-45FC-A146-8A70B17F8D40}.Ad-Hoc|x64.ActiveCfg = Release|Any CPU
		{B154C38E-5AE6-45FC-A146-8A70B17F8D40}.Ad-Hoc|x64.Build.0 = Release|Any CPU
		{B154C38E-5AE6-45FC-A146-8A70B17F8D40}.Ad-Hoc|x64.Deploy.0 = Release|Any CPU
		{B154C38E-5AE6-45FC-A146-8A70B17F8D40}.Ad-Hoc|x86.ActiveCfg = Release|Any CPU
		{B154C38E-5AE6-45FC-A146-8A70B17F8D40}.Ad-Hoc|x86.Build.0 = Release|Any CPU
		{B154C38E-5AE6-45FC-A146-8A70B17F8D40}.Ad-Hoc|x86.Deploy.0 = Release|Any CPU
		{B154C38E-5AE6-45FC-A146-8A70B17F8D40}.AppStore|Any CPU.ActiveCfg = Release|Any CPU
		{B154C38E-5AE6-45FC-A146-8A70B17F8D40}.AppStore|Any CPU.Build.0 = Release|Any CPU
		{B154C38E-5AE6-45FC-A146-8A70B17F8D40}.AppStore|Any CPU.Deploy.0 = Release|Any CPU
		{B154C38E-5AE6-45FC-A146-8A70B17F8D40}.AppStore|ARM.ActiveCfg = Release|Any CPU
		{B154C38E-5AE6-45FC-A146-8A70B17F8D40}.AppStore|ARM.Build.0 = Release|Any CPU
		{B154C38E-5AE6-45FC-A146-8A70B17F8D40}.AppStore|ARM.Deploy.0 = Release|Any CPU
		{B154C38E-5AE6-45FC-A146-8A70B17F8D40}.AppStore|iPhone.ActiveCfg = Release|Any CPU
		{B154C38E-5AE6-45FC-A146-8A70B17F8D40}.AppStore|iPhone.Build.0 = Release|Any CPU
		{B154C38E-5AE6-45FC-A146-8A70B17F8D40}.AppStore|iPhone.Deploy.0 = Release|Any CPU
		{B154C38E-5AE6-45FC-A146-8A70B17F8D40}.AppStore|iPhoneSimulator.ActiveCfg = Release|Any CPU
		{B154C38E-5AE6-45FC-A146-8A70B17F8D40}.AppStore|iPhoneSimulator.Build.0 = Release|Any CPU
		{B154C38E-5AE6-45FC-A146-8A70B17F8D40}.AppStore|iPhoneSimulator.Deploy.0 = Release|Any CPU
		{B154C38E-5AE6-45FC-A146-8A70B17F8D40}.AppStore|x64.ActiveCfg = Release|Any CPU
		{B154C38E-5AE6-45FC-A146-8A70B17F8D40}.AppStore|x64.Build.0 = Release|Any CPU
		{B154C38E-5AE6-45FC-A146-8A70B17F8D40}.AppStore|x64.Deploy.0 = Release|Any CPU
		{B154C38E-5AE6-45FC-A146-8A70B17F8D40}.AppStore|x86.ActiveCfg = Release|Any CPU
		{B154C38E-5AE6-45FC-A146-8A70B17F8D40}.AppStore|x86.Build.0 = Release|Any CPU
		{B154C38E-5AE6-45FC-A146-8A70B17F8D40}.AppStore|x86.Deploy.0 = Release|Any CPU
		{B154C38E-5AE6-45FC-A146-8A70B17F8D40}.Debug|Any CPU.ActiveCfg = Debug|Any CPU
		{B154C38E-5AE6-45FC-A146-8A70B17F8D40}.Debug|Any CPU.Build.0 = Debug|Any CPU
		{B154C38E-5AE6-45FC-A146-8A70B17F8D40}.Debug|Any CPU.Deploy.0 = Debug|Any CPU
		{B154C38E-5AE6-45FC-A146-8A70B17F8D40}.Debug|ARM.ActiveCfg = Debug|Any CPU
		{B154C38E-5AE6-45FC-A146-8A70B17F8D40}.Debug|ARM.Build.0 = Debug|Any CPU
		{B154C38E-5AE6-45FC-A146-8A70B17F8D40}.Debug|ARM.Deploy.0 = Debug|Any CPU
		{B154C38E-5AE6-45FC-A146-8A70B17F8D40}.Debug|iPhone.ActiveCfg = Debug|Any CPU
		{B154C38E-5AE6-45FC-A146-8A70B17F8D40}.Debug|iPhone.Build.0 = Debug|Any CPU
		{B154C38E-5AE6-45FC-A146-8A70B17F8D40}.Debug|iPhone.Deploy.0 = Debug|Any CPU
		{B154C38E-5AE6-45FC-A146-8A70B17F8D40}.Debug|iPhoneSimulator.ActiveCfg = Debug|Any CPU
		{B154C38E-5AE6-45FC-A146-8A70B17F8D40}.Debug|iPhoneSimulator.Build.0 = Debug|Any CPU
		{B154C38E-5AE6-45FC-A146-8A70B17F8D40}.Debug|iPhoneSimulator.Deploy.0 = Debug|Any CPU
		{B154C38E-5AE6-45FC-A146-8A70B17F8D40}.Debug|x64.ActiveCfg = Debug|Any CPU
		{B154C38E-5AE6-45FC-A146-8A70B17F8D40}.Debug|x64.Build.0 = Debug|Any CPU
		{B154C38E-5AE6-45FC-A146-8A70B17F8D40}.Debug|x64.Deploy.0 = Debug|Any CPU
		{B154C38E-5AE6-45FC-A146-8A70B17F8D40}.Debug|x86.ActiveCfg = Debug|Any CPU
		{B154C38E-5AE6-45FC-A146-8A70B17F8D40}.Debug|x86.Build.0 = Debug|Any CPU
		{B154C38E-5AE6-45FC-A146-8A70B17F8D40}.Debug|x86.Deploy.0 = Debug|Any CPU
		{B154C38E-5AE6-45FC-A146-8A70B17F8D40}.Release|Any CPU.ActiveCfg = Release|Any CPU
		{B154C38E-5AE6-45FC-A146-8A70B17F8D40}.Release|Any CPU.Build.0 = Release|Any CPU
		{B154C38E-5AE6-45FC-A146-8A70B17F8D40}.Release|Any CPU.Deploy.0 = Release|Any CPU
		{B154C38E-5AE6-45FC-A146-8A70B17F8D40}.Release|ARM.ActiveCfg = Release|Any CPU
		{B154C38E-5AE6-45FC-A146-8A70B17F8D40}.Release|ARM.Build.0 = Release|Any CPU
		{B154C38E-5AE6-45FC-A146-8A70B17F8D40}.Release|ARM.Deploy.0 = Release|Any CPU
		{B154C38E-5AE6-45FC-A146-8A70B17F8D40}.Release|iPhone.ActiveCfg = Release|Any CPU
		{B154C38E-5AE6-45FC-A146-8A70B17F8D40}.Release|iPhone.Build.0 = Release|Any CPU
		{B154C38E-5AE6-45FC-A146-8A70B17F8D40}.Release|iPhone.Deploy.0 = Release|Any CPU
		{B154C38E-5AE6-45FC-A146-8A70B17F8D40}.Release|iPhoneSimulator.ActiveCfg = Release|Any CPU
		{B154C38E-5AE6-45FC-A146-8A70B17F8D40}.Release|iPhoneSimulator.Build.0 = Release|Any CPU
		{B154C38E-5AE6-45FC-A146-8A70B17F8D40}.Release|iPhoneSimulator.Deploy.0 = Release|Any CPU
		{B154C38E-5AE6-45FC-A146-8A70B17F8D40}.Release|x64.ActiveCfg = Release|Any CPU
		{B154C38E-5AE6-45FC-A146-8A70B17F8D40}.Release|x64.Build.0 = Release|Any CPU
		{B154C38E-5AE6-45FC-A146-8A70B17F8D40}.Release|x64.Deploy.0 = Release|Any CPU
		{B154C38E-5AE6-45FC-A146-8A70B17F8D40}.Release|x86.ActiveCfg = Release|Any CPU
		{B154C38E-5AE6-45FC-A146-8A70B17F8D40}.Release|x86.Build.0 = Release|Any CPU
		{B154C38E-5AE6-45FC-A146-8A70B17F8D40}.Release|x86.Deploy.0 = Release|Any CPU
		{C3671714-BF5A-4F7A-ABC0-57ABBB508A37}.Ad-Hoc|Any CPU.ActiveCfg = Ad-Hoc|iPhone
		{C3671714-BF5A-4F7A-ABC0-57ABBB508A37}.Ad-Hoc|Any CPU.Build.0 = Ad-Hoc|iPhone
		{C3671714-BF5A-4F7A-ABC0-57ABBB508A37}.Ad-Hoc|Any CPU.Deploy.0 = Ad-Hoc|iPhone
		{C3671714-BF5A-4F7A-ABC0-57ABBB508A37}.Ad-Hoc|ARM.ActiveCfg = Ad-Hoc|iPhone
		{C3671714-BF5A-4F7A-ABC0-57ABBB508A37}.Ad-Hoc|ARM.Build.0 = Ad-Hoc|iPhone
		{C3671714-BF5A-4F7A-ABC0-57ABBB508A37}.Ad-Hoc|ARM.Deploy.0 = Ad-Hoc|iPhone
		{C3671714-BF5A-4F7A-ABC0-57ABBB508A37}.Ad-Hoc|iPhone.ActiveCfg = Ad-Hoc|iPhone
		{C3671714-BF5A-4F7A-ABC0-57ABBB508A37}.Ad-Hoc|iPhone.Build.0 = Ad-Hoc|iPhone
		{C3671714-BF5A-4F7A-ABC0-57ABBB508A37}.Ad-Hoc|iPhone.Deploy.0 = Ad-Hoc|iPhone
		{C3671714-BF5A-4F7A-ABC0-57ABBB508A37}.Ad-Hoc|iPhoneSimulator.ActiveCfg = Ad-Hoc|iPhoneSimulator
		{C3671714-BF5A-4F7A-ABC0-57ABBB508A37}.Ad-Hoc|iPhoneSimulator.Build.0 = Ad-Hoc|iPhoneSimulator
		{C3671714-BF5A-4F7A-ABC0-57ABBB508A37}.Ad-Hoc|iPhoneSimulator.Deploy.0 = Ad-Hoc|iPhoneSimulator
		{C3671714-BF5A-4F7A-ABC0-57ABBB508A37}.Ad-Hoc|x64.ActiveCfg = Ad-Hoc|iPhone
		{C3671714-BF5A-4F7A-ABC0-57ABBB508A37}.Ad-Hoc|x64.Build.0 = Ad-Hoc|iPhone
		{C3671714-BF5A-4F7A-ABC0-57ABBB508A37}.Ad-Hoc|x64.Deploy.0 = Ad-Hoc|iPhone
		{C3671714-BF5A-4F7A-ABC0-57ABBB508A37}.Ad-Hoc|x86.ActiveCfg = Ad-Hoc|iPhone
		{C3671714-BF5A-4F7A-ABC0-57ABBB508A37}.Ad-Hoc|x86.Build.0 = Ad-Hoc|iPhone
		{C3671714-BF5A-4F7A-ABC0-57ABBB508A37}.Ad-Hoc|x86.Deploy.0 = Ad-Hoc|iPhone
		{C3671714-BF5A-4F7A-ABC0-57ABBB508A37}.AppStore|Any CPU.ActiveCfg = AppStore|iPhone
		{C3671714-BF5A-4F7A-ABC0-57ABBB508A37}.AppStore|Any CPU.Build.0 = AppStore|iPhone
		{C3671714-BF5A-4F7A-ABC0-57ABBB508A37}.AppStore|Any CPU.Deploy.0 = AppStore|iPhone
		{C3671714-BF5A-4F7A-ABC0-57ABBB508A37}.AppStore|ARM.ActiveCfg = AppStore|iPhone
		{C3671714-BF5A-4F7A-ABC0-57ABBB508A37}.AppStore|ARM.Build.0 = AppStore|iPhone
		{C3671714-BF5A-4F7A-ABC0-57ABBB508A37}.AppStore|ARM.Deploy.0 = AppStore|iPhone
		{C3671714-BF5A-4F7A-ABC0-57ABBB508A37}.AppStore|iPhone.ActiveCfg = AppStore|iPhone
		{C3671714-BF5A-4F7A-ABC0-57ABBB508A37}.AppStore|iPhone.Build.0 = AppStore|iPhone
		{C3671714-BF5A-4F7A-ABC0-57ABBB508A37}.AppStore|iPhone.Deploy.0 = AppStore|iPhone
		{C3671714-BF5A-4F7A-ABC0-57ABBB508A37}.AppStore|iPhoneSimulator.ActiveCfg = AppStore|iPhoneSimulator
		{C3671714-BF5A-4F7A-ABC0-57ABBB508A37}.AppStore|iPhoneSimulator.Build.0 = AppStore|iPhoneSimulator
		{C3671714-BF5A-4F7A-ABC0-57ABBB508A37}.AppStore|iPhoneSimulator.Deploy.0 = AppStore|iPhoneSimulator
		{C3671714-BF5A-4F7A-ABC0-57ABBB508A37}.AppStore|x64.ActiveCfg = AppStore|iPhone
		{C3671714-BF5A-4F7A-ABC0-57ABBB508A37}.AppStore|x64.Build.0 = AppStore|iPhone
		{C3671714-BF5A-4F7A-ABC0-57ABBB508A37}.AppStore|x64.Deploy.0 = AppStore|iPhone
		{C3671714-BF5A-4F7A-ABC0-57ABBB508A37}.AppStore|x86.ActiveCfg = AppStore|iPhone
		{C3671714-BF5A-4F7A-ABC0-57ABBB508A37}.AppStore|x86.Build.0 = AppStore|iPhone
		{C3671714-BF5A-4F7A-ABC0-57ABBB508A37}.AppStore|x86.Deploy.0 = AppStore|iPhone
		{C3671714-BF5A-4F7A-ABC0-57ABBB508A37}.Debug|Any CPU.ActiveCfg = Debug|iPhoneSimulator
		{C3671714-BF5A-4F7A-ABC0-57ABBB508A37}.Debug|Any CPU.Build.0 = Debug|iPhoneSimulator
		{C3671714-BF5A-4F7A-ABC0-57ABBB508A37}.Debug|Any CPU.Deploy.0 = Debug|iPhoneSimulator
		{C3671714-BF5A-4F7A-ABC0-57ABBB508A37}.Debug|ARM.ActiveCfg = Debug|iPhone
		{C3671714-BF5A-4F7A-ABC0-57ABBB508A37}.Debug|ARM.Build.0 = Debug|iPhone
		{C3671714-BF5A-4F7A-ABC0-57ABBB508A37}.Debug|ARM.Deploy.0 = Debug|iPhone
		{C3671714-BF5A-4F7A-ABC0-57ABBB508A37}.Debug|iPhone.ActiveCfg = Debug|iPhone
		{C3671714-BF5A-4F7A-ABC0-57ABBB508A37}.Debug|iPhone.Build.0 = Debug|iPhone
		{C3671714-BF5A-4F7A-ABC0-57ABBB508A37}.Debug|iPhone.Deploy.0 = Debug|iPhone
		{C3671714-BF5A-4F7A-ABC0-57ABBB508A37}.Debug|iPhoneSimulator.ActiveCfg = Debug|iPhoneSimulator
		{C3671714-BF5A-4F7A-ABC0-57ABBB508A37}.Debug|iPhoneSimulator.Build.0 = Debug|iPhoneSimulator
		{C3671714-BF5A-4F7A-ABC0-57ABBB508A37}.Debug|iPhoneSimulator.Deploy.0 = Debug|iPhoneSimulator
		{C3671714-BF5A-4F7A-ABC0-57ABBB508A37}.Debug|x64.ActiveCfg = Debug|iPhone
		{C3671714-BF5A-4F7A-ABC0-57ABBB508A37}.Debug|x64.Build.0 = Debug|iPhone
		{C3671714-BF5A-4F7A-ABC0-57ABBB508A37}.Debug|x64.Deploy.0 = Debug|iPhone
		{C3671714-BF5A-4F7A-ABC0-57ABBB508A37}.Debug|x86.ActiveCfg = Debug|iPhone
		{C3671714-BF5A-4F7A-ABC0-57ABBB508A37}.Debug|x86.Build.0 = Debug|iPhone
		{C3671714-BF5A-4F7A-ABC0-57ABBB508A37}.Debug|x86.Deploy.0 = Debug|iPhone
		{C3671714-BF5A-4F7A-ABC0-57ABBB508A37}.Release|Any CPU.ActiveCfg = Release|iPhone
		{C3671714-BF5A-4F7A-ABC0-57ABBB508A37}.Release|Any CPU.Build.0 = Release|iPhone
		{C3671714-BF5A-4F7A-ABC0-57ABBB508A37}.Release|Any CPU.Deploy.0 = Release|iPhone
		{C3671714-BF5A-4F7A-ABC0-57ABBB508A37}.Release|ARM.ActiveCfg = Release|iPhone
		{C3671714-BF5A-4F7A-ABC0-57ABBB508A37}.Release|ARM.Build.0 = Release|iPhone
		{C3671714-BF5A-4F7A-ABC0-57ABBB508A37}.Release|ARM.Deploy.0 = Release|iPhone
		{C3671714-BF5A-4F7A-ABC0-57ABBB508A37}.Release|iPhone.ActiveCfg = Release|iPhone
		{C3671714-BF5A-4F7A-ABC0-57ABBB508A37}.Release|iPhone.Build.0 = Release|iPhone
		{C3671714-BF5A-4F7A-ABC0-57ABBB508A37}.Release|iPhone.Deploy.0 = Release|iPhone
		{C3671714-BF5A-4F7A-ABC0-57ABBB508A37}.Release|iPhoneSimulator.ActiveCfg = Release|iPhoneSimulator
		{C3671714-BF5A-4F7A-ABC0-57ABBB508A37}.Release|iPhoneSimulator.Build.0 = Release|iPhoneSimulator
		{C3671714-BF5A-4F7A-ABC0-57ABBB508A37}.Release|iPhoneSimulator.Deploy.0 = Release|iPhoneSimulator
		{C3671714-BF5A-4F7A-ABC0-57ABBB508A37}.Release|x64.ActiveCfg = Release|iPhone
		{C3671714-BF5A-4F7A-ABC0-57ABBB508A37}.Release|x64.Build.0 = Release|iPhone
		{C3671714-BF5A-4F7A-ABC0-57ABBB508A37}.Release|x64.Deploy.0 = Release|iPhone
		{C3671714-BF5A-4F7A-ABC0-57ABBB508A37}.Release|x86.ActiveCfg = Release|iPhone
		{C3671714-BF5A-4F7A-ABC0-57ABBB508A37}.Release|x86.Build.0 = Release|iPhone
		{C3671714-BF5A-4F7A-ABC0-57ABBB508A37}.Release|x86.Deploy.0 = Release|iPhone
		{2064C9FF-9EDC-4290-8EB4-372B1D1FC21D}.Ad-Hoc|Any CPU.ActiveCfg = Release|x86
		{2064C9FF-9EDC-4290-8EB4-372B1D1FC21D}.Ad-Hoc|Any CPU.Build.0 = Release|x86
		{2064C9FF-9EDC-4290-8EB4-372B1D1FC21D}.Ad-Hoc|Any CPU.Deploy.0 = Release|x86
		{2064C9FF-9EDC-4290-8EB4-372B1D1FC21D}.Ad-Hoc|ARM.ActiveCfg = Release|ARM
		{2064C9FF-9EDC-4290-8EB4-372B1D1FC21D}.Ad-Hoc|ARM.Build.0 = Release|ARM
		{2064C9FF-9EDC-4290-8EB4-372B1D1FC21D}.Ad-Hoc|ARM.Deploy.0 = Release|ARM
		{2064C9FF-9EDC-4290-8EB4-372B1D1FC21D}.Ad-Hoc|iPhone.ActiveCfg = Release|x86
		{2064C9FF-9EDC-4290-8EB4-372B1D1FC21D}.Ad-Hoc|iPhone.Build.0 = Release|x86
		{2064C9FF-9EDC-4290-8EB4-372B1D1FC21D}.Ad-Hoc|iPhone.Deploy.0 = Release|x86
		{2064C9FF-9EDC-4290-8EB4-372B1D1FC21D}.Ad-Hoc|iPhoneSimulator.ActiveCfg = Release|x86
		{2064C9FF-9EDC-4290-8EB4-372B1D1FC21D}.Ad-Hoc|iPhoneSimulator.Build.0 = Release|x86
		{2064C9FF-9EDC-4290-8EB4-372B1D1FC21D}.Ad-Hoc|iPhoneSimulator.Deploy.0 = Release|x86
		{2064C9FF-9EDC-4290-8EB4-372B1D1FC21D}.Ad-Hoc|x64.ActiveCfg = Release|x64
		{2064C9FF-9EDC-4290-8EB4-372B1D1FC21D}.Ad-Hoc|x64.Build.0 = Release|x64
		{2064C9FF-9EDC-4290-8EB4-372B1D1FC21D}.Ad-Hoc|x64.Deploy.0 = Release|x64
		{2064C9FF-9EDC-4290-8EB4-372B1D1FC21D}.Ad-Hoc|x86.ActiveCfg = Release|x86
		{2064C9FF-9EDC-4290-8EB4-372B1D1FC21D}.Ad-Hoc|x86.Build.0 = Release|x86
		{2064C9FF-9EDC-4290-8EB4-372B1D1FC21D}.Ad-Hoc|x86.Deploy.0 = Release|x86
		{2064C9FF-9EDC-4290-8EB4-372B1D1FC21D}.AppStore|Any CPU.ActiveCfg = Release|x86
		{2064C9FF-9EDC-4290-8EB4-372B1D1FC21D}.AppStore|Any CPU.Build.0 = Release|x86
		{2064C9FF-9EDC-4290-8EB4-372B1D1FC21D}.AppStore|Any CPU.Deploy.0 = Release|x86
		{2064C9FF-9EDC-4290-8EB4-372B1D1FC21D}.AppStore|ARM.ActiveCfg = Release|ARM
		{2064C9FF-9EDC-4290-8EB4-372B1D1FC21D}.AppStore|ARM.Build.0 = Release|ARM
		{2064C9FF-9EDC-4290-8EB4-372B1D1FC21D}.AppStore|ARM.Deploy.0 = Release|ARM
		{2064C9FF-9EDC-4290-8EB4-372B1D1FC21D}.AppStore|iPhone.ActiveCfg = Release|x86
		{2064C9FF-9EDC-4290-8EB4-372B1D1FC21D}.AppStore|iPhone.Build.0 = Release|x86
		{2064C9FF-9EDC-4290-8EB4-372B1D1FC21D}.AppStore|iPhone.Deploy.0 = Release|x86
		{2064C9FF-9EDC-4290-8EB4-372B1D1FC21D}.AppStore|iPhoneSimulator.ActiveCfg = Release|x86
		{2064C9FF-9EDC-4290-8EB4-372B1D1FC21D}.AppStore|iPhoneSimulator.Build.0 = Release|x86
		{2064C9FF-9EDC-4290-8EB4-372B1D1FC21D}.AppStore|iPhoneSimulator.Deploy.0 = Release|x86
		{2064C9FF-9EDC-4290-8EB4-372B1D1FC21D}.AppStore|x64.ActiveCfg = Release|x64
		{2064C9FF-9EDC-4290-8EB4-372B1D1FC21D}.AppStore|x64.Build.0 = Release|x64
		{2064C9FF-9EDC-4290-8EB4-372B1D1FC21D}.AppStore|x64.Deploy.0 = Release|x64
		{2064C9FF-9EDC-4290-8EB4-372B1D1FC21D}.AppStore|x86.ActiveCfg = Release|x86
		{2064C9FF-9EDC-4290-8EB4-372B1D1FC21D}.AppStore|x86.Build.0 = Release|x86
		{2064C9FF-9EDC-4290-8EB4-372B1D1FC21D}.AppStore|x86.Deploy.0 = Release|x86
		{2064C9FF-9EDC-4290-8EB4-372B1D1FC21D}.Debug|Any CPU.ActiveCfg = Debug|x86
		{2064C9FF-9EDC-4290-8EB4-372B1D1FC21D}.Debug|Any CPU.Build.0 = Debug|x86
		{2064C9FF-9EDC-4290-8EB4-372B1D1FC21D}.Debug|ARM.ActiveCfg = Debug|ARM
		{2064C9FF-9EDC-4290-8EB4-372B1D1FC21D}.Debug|ARM.Build.0 = Debug|ARM
		{2064C9FF-9EDC-4290-8EB4-372B1D1FC21D}.Debug|ARM.Deploy.0 = Debug|ARM
		{2064C9FF-9EDC-4290-8EB4-372B1D1FC21D}.Debug|iPhone.ActiveCfg = Debug|x86
		{2064C9FF-9EDC-4290-8EB4-372B1D1FC21D}.Debug|iPhone.Build.0 = Debug|x86
		{2064C9FF-9EDC-4290-8EB4-372B1D1FC21D}.Debug|iPhone.Deploy.0 = Debug|x86
		{2064C9FF-9EDC-4290-8EB4-372B1D1FC21D}.Debug|iPhoneSimulator.ActiveCfg = Debug|x86
		{2064C9FF-9EDC-4290-8EB4-372B1D1FC21D}.Debug|iPhoneSimulator.Build.0 = Debug|x86
		{2064C9FF-9EDC-4290-8EB4-372B1D1FC21D}.Debug|iPhoneSimulator.Deploy.0 = Debug|x86
		{2064C9FF-9EDC-4290-8EB4-372B1D1FC21D}.Debug|x64.ActiveCfg = Debug|x64
		{2064C9FF-9EDC-4290-8EB4-372B1D1FC21D}.Debug|x64.Build.0 = Debug|x64
		{2064C9FF-9EDC-4290-8EB4-372B1D1FC21D}.Debug|x64.Deploy.0 = Debug|x64
		{2064C9FF-9EDC-4290-8EB4-372B1D1FC21D}.Debug|x86.ActiveCfg = Debug|x86
		{2064C9FF-9EDC-4290-8EB4-372B1D1FC21D}.Debug|x86.Build.0 = Debug|x86
		{2064C9FF-9EDC-4290-8EB4-372B1D1FC21D}.Debug|x86.Deploy.0 = Debug|x86
		{2064C9FF-9EDC-4290-8EB4-372B1D1FC21D}.Release|Any CPU.ActiveCfg = Release|x86
		{2064C9FF-9EDC-4290-8EB4-372B1D1FC21D}.Release|Any CPU.Build.0 = Release|x86
		{2064C9FF-9EDC-4290-8EB4-372B1D1FC21D}.Release|Any CPU.Deploy.0 = Release|x86
		{2064C9FF-9EDC-4290-8EB4-372B1D1FC21D}.Release|ARM.ActiveCfg = Release|ARM
		{2064C9FF-9EDC-4290-8EB4-372B1D1FC21D}.Release|ARM.Build.0 = Release|ARM
		{2064C9FF-9EDC-4290-8EB4-372B1D1FC21D}.Release|ARM.Deploy.0 = Release|ARM
		{2064C9FF-9EDC-4290-8EB4-372B1D1FC21D}.Release|iPhone.ActiveCfg = Release|x86
		{2064C9FF-9EDC-4290-8EB4-372B1D1FC21D}.Release|iPhone.Build.0 = Release|x86
		{2064C9FF-9EDC-4290-8EB4-372B1D1FC21D}.Release|iPhone.Deploy.0 = Release|x86
		{2064C9FF-9EDC-4290-8EB4-372B1D1FC21D}.Release|iPhoneSimulator.ActiveCfg = Release|x86
		{2064C9FF-9EDC-4290-8EB4-372B1D1FC21D}.Release|iPhoneSimulator.Build.0 = Release|x86
		{2064C9FF-9EDC-4290-8EB4-372B1D1FC21D}.Release|iPhoneSimulator.Deploy.0 = Release|x86
		{2064C9FF-9EDC-4290-8EB4-372B1D1FC21D}.Release|x64.ActiveCfg = Release|x64
		{2064C9FF-9EDC-4290-8EB4-372B1D1FC21D}.Release|x64.Build.0 = Release|x64
		{2064C9FF-9EDC-4290-8EB4-372B1D1FC21D}.Release|x64.Deploy.0 = Release|x64
		{2064C9FF-9EDC-4290-8EB4-372B1D1FC21D}.Release|x86.ActiveCfg = Release|x86
		{2064C9FF-9EDC-4290-8EB4-372B1D1FC21D}.Release|x86.Build.0 = Release|x86
		{2064C9FF-9EDC-4290-8EB4-372B1D1FC21D}.Release|x86.Deploy.0 = Release|x86
		{E75E1D10-EAE8-4475-BC95-948462827115}.Ad-Hoc|Any CPU.ActiveCfg = Debug|Any CPU
		{E75E1D10-EAE8-4475-BC95-948462827115}.Ad-Hoc|Any CPU.Build.0 = Debug|Any CPU
		{E75E1D10-EAE8-4475-BC95-948462827115}.Ad-Hoc|Any CPU.Deploy.0 = Debug|Any CPU
		{E75E1D10-EAE8-4475-BC95-948462827115}.Ad-Hoc|ARM.ActiveCfg = Debug|Any CPU
		{E75E1D10-EAE8-4475-BC95-948462827115}.Ad-Hoc|ARM.Build.0 = Debug|Any CPU
		{E75E1D10-EAE8-4475-BC95-948462827115}.Ad-Hoc|ARM.Deploy.0 = Debug|Any CPU
		{E75E1D10-EAE8-4475-BC95-948462827115}.Ad-Hoc|iPhone.ActiveCfg = Debug|Any CPU
		{E75E1D10-EAE8-4475-BC95-948462827115}.Ad-Hoc|iPhone.Build.0 = Debug|Any CPU
		{E75E1D10-EAE8-4475-BC95-948462827115}.Ad-Hoc|iPhone.Deploy.0 = Debug|Any CPU
		{E75E1D10-EAE8-4475-BC95-948462827115}.Ad-Hoc|iPhoneSimulator.ActiveCfg = Debug|Any CPU
		{E75E1D10-EAE8-4475-BC95-948462827115}.Ad-Hoc|iPhoneSimulator.Build.0 = Debug|Any CPU
		{E75E1D10-EAE8-4475-BC95-948462827115}.Ad-Hoc|iPhoneSimulator.Deploy.0 = Debug|Any CPU
		{E75E1D10-EAE8-4475-BC95-948462827115}.Ad-Hoc|x64.ActiveCfg = Debug|Any CPU
		{E75E1D10-EAE8-4475-BC95-948462827115}.Ad-Hoc|x64.Build.0 = Debug|Any CPU
		{E75E1D10-EAE8-4475-BC95-948462827115}.Ad-Hoc|x64.Deploy.0 = Debug|Any CPU
		{E75E1D10-EAE8-4475-BC95-948462827115}.Ad-Hoc|x86.ActiveCfg = Debug|Any CPU
		{E75E1D10-EAE8-4475-BC95-948462827115}.Ad-Hoc|x86.Build.0 = Debug|Any CPU
		{E75E1D10-EAE8-4475-BC95-948462827115}.Ad-Hoc|x86.Deploy.0 = Debug|Any CPU
		{E75E1D10-EAE8-4475-BC95-948462827115}.AppStore|Any CPU.ActiveCfg = Debug|Any CPU
		{E75E1D10-EAE8-4475-BC95-948462827115}.AppStore|Any CPU.Build.0 = Debug|Any CPU
		{E75E1D10-EAE8-4475-BC95-948462827115}.AppStore|Any CPU.Deploy.0 = Debug|Any CPU
		{E75E1D10-EAE8-4475-BC95-948462827115}.AppStore|ARM.ActiveCfg = Debug|Any CPU
		{E75E1D10-EAE8-4475-BC95-948462827115}.AppStore|ARM.Build.0 = Debug|Any CPU
		{E75E1D10-EAE8-4475-BC95-948462827115}.AppStore|ARM.Deploy.0 = Debug|Any CPU
		{E75E1D10-EAE8-4475-BC95-948462827115}.AppStore|iPhone.ActiveCfg = Debug|Any CPU
		{E75E1D10-EAE8-4475-BC95-948462827115}.AppStore|iPhone.Build.0 = Debug|Any CPU
		{E75E1D10-EAE8-4475-BC95-948462827115}.AppStore|iPhone.Deploy.0 = Debug|Any CPU
		{E75E1D10-EAE8-4475-BC95-948462827115}.AppStore|iPhoneSimulator.ActiveCfg = Debug|Any CPU
		{E75E1D10-EAE8-4475-BC95-948462827115}.AppStore|iPhoneSimulator.Build.0 = Debug|Any CPU
		{E75E1D10-EAE8-4475-BC95-948462827115}.AppStore|iPhoneSimulator.Deploy.0 = Debug|Any CPU
		{E75E1D10-EAE8-4475-BC95-948462827115}.AppStore|x64.ActiveCfg = Debug|Any CPU
		{E75E1D10-EAE8-4475-BC95-948462827115}.AppStore|x64.Build.0 = Debug|Any CPU
		{E75E1D10-EAE8-4475-BC95-948462827115}.AppStore|x64.Deploy.0 = Debug|Any CPU
		{E75E1D10-EAE8-4475-BC95-948462827115}.AppStore|x86.ActiveCfg = Debug|Any CPU
		{E75E1D10-EAE8-4475-BC95-948462827115}.AppStore|x86.Build.0 = Debug|Any CPU
		{E75E1D10-EAE8-4475-BC95-948462827115}.AppStore|x86.Deploy.0 = Debug|Any CPU
		{E75E1D10-EAE8-4475-BC95-948462827115}.Debug|Any CPU.ActiveCfg = Debug|Any CPU
		{E75E1D10-EAE8-4475-BC95-948462827115}.Debug|Any CPU.Build.0 = Debug|Any CPU
		{E75E1D10-EAE8-4475-BC95-948462827115}.Debug|Any CPU.Deploy.0 = Debug|Any CPU
		{E75E1D10-EAE8-4475-BC95-948462827115}.Debug|ARM.ActiveCfg = Debug|Any CPU
		{E75E1D10-EAE8-4475-BC95-948462827115}.Debug|ARM.Build.0 = Debug|Any CPU
		{E75E1D10-EAE8-4475-BC95-948462827115}.Debug|ARM.Deploy.0 = Debug|Any CPU
		{E75E1D10-EAE8-4475-BC95-948462827115}.Debug|iPhone.ActiveCfg = Debug|Any CPU
		{E75E1D10-EAE8-4475-BC95-948462827115}.Debug|iPhone.Build.0 = Debug|Any CPU
		{E75E1D10-EAE8-4475-BC95-948462827115}.Debug|iPhone.Deploy.0 = Debug|Any CPU
		{E75E1D10-EAE8-4475-BC95-948462827115}.Debug|iPhoneSimulator.ActiveCfg = Debug|Any CPU
		{E75E1D10-EAE8-4475-BC95-948462827115}.Debug|iPhoneSimulator.Build.0 = Debug|Any CPU
		{E75E1D10-EAE8-4475-BC95-948462827115}.Debug|iPhoneSimulator.Deploy.0 = Debug|Any CPU
		{E75E1D10-EAE8-4475-BC95-948462827115}.Debug|x64.ActiveCfg = Debug|Any CPU
		{E75E1D10-EAE8-4475-BC95-948462827115}.Debug|x64.Build.0 = Debug|Any CPU
		{E75E1D10-EAE8-4475-BC95-948462827115}.Debug|x64.Deploy.0 = Debug|Any CPU
		{E75E1D10-EAE8-4475-BC95-948462827115}.Debug|x86.ActiveCfg = Debug|Any CPU
		{E75E1D10-EAE8-4475-BC95-948462827115}.Debug|x86.Build.0 = Debug|Any CPU
		{E75E1D10-EAE8-4475-BC95-948462827115}.Debug|x86.Deploy.0 = Debug|Any CPU
		{E75E1D10-EAE8-4475-BC95-948462827115}.Release|Any CPU.ActiveCfg = Release|Any CPU
		{E75E1D10-EAE8-4475-BC95-948462827115}.Release|Any CPU.Build.0 = Release|Any CPU
		{E75E1D10-EAE8-4475-BC95-948462827115}.Release|Any CPU.Deploy.0 = Release|Any CPU
		{E75E1D10-EAE8-4475-BC95-948462827115}.Release|ARM.ActiveCfg = Release|Any CPU
		{E75E1D10-EAE8-4475-BC95-948462827115}.Release|ARM.Build.0 = Release|Any CPU
		{E75E1D10-EAE8-4475-BC95-948462827115}.Release|ARM.Deploy.0 = Release|Any CPU
		{E75E1D10-EAE8-4475-BC95-948462827115}.Release|iPhone.ActiveCfg = Release|Any CPU
		{E75E1D10-EAE8-4475-BC95-948462827115}.Release|iPhone.Build.0 = Release|Any CPU
		{E75E1D10-EAE8-4475-BC95-948462827115}.Release|iPhone.Deploy.0 = Release|Any CPU
		{E75E1D10-EAE8-4475-BC95-948462827115}.Release|iPhoneSimulator.ActiveCfg = Release|Any CPU
		{E75E1D10-EAE8-4475-BC95-948462827115}.Release|iPhoneSimulator.Build.0 = Release|Any CPU
		{E75E1D10-EAE8-4475-BC95-948462827115}.Release|iPhoneSimulator.Deploy.0 = Release|Any CPU
		{E75E1D10-EAE8-4475-BC95-948462827115}.Release|x64.ActiveCfg = Release|Any CPU
		{E75E1D10-EAE8-4475-BC95-948462827115}.Release|x64.Build.0 = Release|Any CPU
		{E75E1D10-EAE8-4475-BC95-948462827115}.Release|x64.Deploy.0 = Release|Any CPU
		{E75E1D10-EAE8-4475-BC95-948462827115}.Release|x86.ActiveCfg = Release|Any CPU
		{E75E1D10-EAE8-4475-BC95-948462827115}.Release|x86.Build.0 = Release|Any CPU
		{E75E1D10-EAE8-4475-BC95-948462827115}.Release|x86.Deploy.0 = Release|Any CPU
	EndGlobalSection
	GlobalSection(SolutionProperties) = preSolution
		HideSolutionNode = FALSE
	EndGlobalSection
	GlobalSection(ExtensibilityGlobals) = postSolution
		SolutionGuid = {EDCDAECC-81CF-4B6F-AB72-AB3DE0CF70F7}
	EndGlobalSection
EndGlobal
